<Solution>
  <Folder Name="/src/">
    <Project Path="LibraryApi.Api/LibraryApi.Api.csproj" />
    <Project Path="LibraryApi.Application/LibraryApi.Application.csproj" />
    <Project Path="LibraryApi.Domain/LibraryApi.Domain.csproj" />
    <Project Path="LibraryApi.Infrastructure/LibraryApi.Infrastructure.csproj" />
  </Folder>
  <Folder Name="/tests/">
    <Project Path="LibraryApi.UnitTests/LibraryApi.UnitTests.csproj" />
  </Folder>
</Solution>
